// !$*UTF8*$!
{
	archiveVersion = 1;
	classes = {
	};
	objectVersion = 46;
	objects = {

/* Begin PBXBuildFile section */
		59B725E1CB589B0990A998B5 /* libPods.a in Frameworks */ = {isa = PBXBuildFile; fileRef = 985353E8F77DDE94569D552B /* libPods.a */; };
		7A564D921C96389A00A4ABD6 /* main.m in Sources */ = {isa = PBXBuildFile; fileRef = 7A564D911C96389A00A4ABD6 /* main.m */; };
		7A564D951C96389A00A4ABD6 /* AppDelegate.m in Sources */ = {isa = PBXBuildFile; fileRef = 7A564D941C96389A00A4ABD6 /* AppDelegate.m */; };
		7A564D971C96389A00A4ABD6 /* Assets.xcassets in Resources */ = {isa = PBXBuildFile; fileRef = 7A564D961C96389A00A4ABD6 /* Assets.xcassets */; };
		7A564D9A1C96389A00A4ABD6 /* LaunchScreen.storyboard in Resources */ = {isa = PBXBuildFile; fileRef = 7A564D981C96389A00A4ABD6 /* LaunchScreen.storyboard */; };
		7A564DBA1C964D1E00A4ABD6 /* UIViewController+Common.m in Sources */ = {isa = PBXBuildFile; fileRef = 7A564DB91C964D1E00A4ABD6 /* UIViewController+Common.m */; };
		7A564DBD1C964D4400A4ABD6 /* HWTools.m in Sources */ = {isa = PBXBuildFile; fileRef = 7A564DBC1C964D4400A4ABD6 /* HWTools.m */; };
		7A564DC21C964D5200A4ABD6 /* ProgressHUD.bundle in Resources */ = {isa = PBXBuildFile; fileRef = 7A564DBF1C964D5200A4ABD6 /* ProgressHUD.bundle */; };
		7A564DC31C964D5200A4ABD6 /* ProgressHUD.m in Sources */ = {isa = PBXBuildFile; fileRef = 7A564DC11C964D5200A4ABD6 /* ProgressHUD.m */; };
/* End PBXBuildFile section */

/* Begin PBXFileReference section */
		5FADDA6DE4048A4A6E7B095E /* Pods.release.xcconfig */ = {isa = PBXFileReference; includeInIndex = 1; lastKnownFileType = text.xcconfig; name = Pods.release.xcconfig; path = "Pods/Target Support Files/Pods/Pods.release.xcconfig"; sourceTree = "<group>"; };
		7A564D8D1C96389A00A4ABD6 /* Luoyang.app */ = {isa = PBXFileReference; explicitFileType = wrapper.application; includeInIndex = 0; path = Luoyang.app; sourceTree = BUILT_PRODUCTS_DIR; };
		7A564D911C96389A00A4ABD6 /* main.m */ = {isa = PBXFileReference; lastKnownFileType = sourcecode.c.objc; path = main.m; sourceTree = "<group>"; };
		7A564D931C96389A00A4ABD6 /* AppDelegate.h */ = {isa = PBXFileReference; lastKnownFileType = sourcecode.c.h; path = AppDelegate.h; sourceTree = "<group>"; };
		7A564D941C96389A00A4ABD6 /* AppDelegate.m */ = {isa = PBXFileReference; lastKnownFileType = sourcecode.c.objc; path = AppDelegate.m; sourceTree = "<group>"; };
		7A564D961C96389A00A4ABD6 /* Assets.xcassets */ = {isa = PBXFileReference; lastKnownFileType = folder.assetcatalog; path = Assets.xcassets; sourceTree = "<group>"; };
		7A564D991C96389A00A4ABD6 /* Base */ = {isa = PBXFileReference; lastKnownFileType = file.storyboard; name = Base; path = Base.lproj/LaunchScreen.storyboard; sourceTree = "<group>"; };
		7A564D9B1C96389A00A4ABD6 /* Info.plist */ = {isa = PBXFileReference; lastKnownFileType = text.plist.xml; path = Info.plist; sourceTree = "<group>"; };
		7A564DB71C964D1E00A4ABD6 /* MySelf.pch */ = {isa = PBXFileReference; fileEncoding = 4; lastKnownFileType = sourcecode.c.h; path = MySelf.pch; sourceTree = "<group>"; };
		7A564DB81C964D1E00A4ABD6 /* UIViewController+Common.h */ = {isa = PBXFileReference; fileEncoding = 4; lastKnownFileType = sourcecode.c.h; path = "UIViewController+Common.h"; sourceTree = "<group>"; };
		7A564DB91C964D1E00A4ABD6 /* UIViewController+Common.m */ = {isa = PBXFileReference; fileEncoding = 4; lastKnownFileType = sourcecode.c.objc; path = "UIViewController+Common.m"; sourceTree = "<group>"; };
		7A564DBB1C964D4400A4ABD6 /* HWTools.h */ = {isa = PBXFileReference; fileEncoding = 4; lastKnownFileType = sourcecode.c.h; path = HWTools.h; sourceTree = "<group>"; };
		7A564DBC1C964D4400A4ABD6 /* HWTools.m */ = {isa = PBXFileReference; fileEncoding = 4; lastKnownFileType = sourcecode.c.objc; path = HWTools.m; sourceTree = "<group>"; };
		7A564DBF1C964D5200A4ABD6 /* ProgressHUD.bundle */ = {isa = PBXFileReference; lastKnownFileType = "wrapper.plug-in"; path = ProgressHUD.bundle; sourceTree = "<group>"; };
		7A564DC01C964D5200A4ABD6 /* ProgressHUD.h */ = {isa = PBXFileReference; fileEncoding = 4; lastKnownFileType = sourcecode.c.h; path = ProgressHUD.h; sourceTree = "<group>"; };
		7A564DC11C964D5200A4ABD6 /* ProgressHUD.m */ = {isa = PBXFileReference; fileEncoding = 4; lastKnownFileType = sourcecode.c.objc; path = ProgressHUD.m; sourceTree = "<group>"; };
		985353E8F77DDE94569D552B /* libPods.a */ = {isa = PBXFileReference; explicitFileType = archive.ar; includeInIndex = 0; path = libPods.a; sourceTree = BUILT_PRODUCTS_DIR; };
		C0A59FD907FA002FF1C0C1E1 /* Pods.debug.xcconfig */ = {isa = PBXFileReference; includeInIndex = 1; lastKnownFileType = text.xcconfig; name = Pods.debug.xcconfig; path = "Pods/Target Support Files/Pods/Pods.debug.xcconfig"; sourceTree = "<group>"; };
/* End PBXFileReference section */

/* Begin PBXFrameworksBuildPhase section */
		7A564D8A1C96389900A4ABD6 /* Frameworks */ = {
			isa = PBXFrameworksBuildPhase;
			buildActionMask = 2147483647;
			files = (
				59B725E1CB589B0990A998B5 /* libPods.a in Frameworks */,
			);
			runOnlyForDeploymentPostprocessing = 0;
		};
/* End PBXFrameworksBuildPhase section */

/* Begin PBXGroup section */
		42059D5A5A11BD24EF1579F5 /* Frameworks */ = {
			isa = PBXGroup;
			children = (
				985353E8F77DDE94569D552B /* libPods.a */,
			);
			name = Frameworks;
			sourceTree = "<group>";
		};
		67AE3F8513961AD52CB2A9AB /* Pods */ = {
			isa = PBXGroup;
			children = (
				C0A59FD907FA002FF1C0C1E1 /* Pods.debug.xcconfig */,
				5FADDA6DE4048A4A6E7B095E /* Pods.release.xcconfig */,
			);
			name = Pods;
			sourceTree = "<group>";
		};
		7A564D841C96389900A4ABD6 = {
			isa = PBXGroup;
			children = (
				7A564D8F1C96389A00A4ABD6 /* Luoyang */,
				7A564D8E1C96389A00A4ABD6 /* Products */,
				67AE3F8513961AD52CB2A9AB /* Pods */,
				42059D5A5A11BD24EF1579F5 /* Frameworks */,
			);
			sourceTree = "<group>";
		};
		7A564D8E1C96389A00A4ABD6 /* Products */ = {
			isa = PBXGroup;
			children = (
				7A564D8D1C96389A00A4ABD6 /* Luoyang.app */,
			);
			name = Products;
			sourceTree = "<group>";
		};
		7A564D8F1C96389A00A4ABD6 /* Luoyang */ = {
			isa = PBXGroup;
			children = (
				7A564DB11C964BD500A4ABD6 /* Class */,
				7A564D901C96389A00A4ABD6 /* Supporting Files */,
			);
			path = Luoyang;
			sourceTree = "<group>";
		};
		7A564D901C96389A00A4ABD6 /* Supporting Files */ = {
			isa = PBXGroup;
			children = (
				7A564D911C96389A00A4ABD6 /* main.m */,
				7A564D931C96389A00A4ABD6 /* AppDelegate.h */,
				7A564D941C96389A00A4ABD6 /* AppDelegate.m */,
				7A564D961C96389A00A4ABD6 /* Assets.xcassets */,
				7A564D981C96389A00A4ABD6 /* LaunchScreen.storyboard */,
				7A564D9B1C96389A00A4ABD6 /* Info.plist */,
			);
			name = "Supporting Files";
			sourceTree = "<group>";
		};
		7A564DA11C964B0800A4ABD6 /* Show */ = {
			isa = PBXGroup;
			children = (
				7A564DA21C964B0800A4ABD6 /* Controller */,
				7A564DA31C964B0800A4ABD6 /* Model */,
				7A564DA41C964B0800A4ABD6 /* View */,
			);
			name = Show;
			path = ../Show;
			sourceTree = "<group>";
		};
		7A564DA21C964B0800A4ABD6 /* Controller */ = {
			isa = PBXGroup;
			children = (
			);
			path = Controller;
			sourceTree = "<group>";
		};
		7A564DA31C964B0800A4ABD6 /* Model */ = {
			isa = PBXGroup;
			children = (
			);
			path = Model;
			sourceTree = "<group>";
		};
		7A564DA41C964B0800A4ABD6 /* View */ = {
			isa = PBXGroup;
			children = (
			);
			path = View;
			sourceTree = "<group>";
		};
		7A564DA51C964B3D00A4ABD6 /* News */ = {
			isa = PBXGroup;
			children = (
				7A564DA61C964B3D00A4ABD6 /* Controller */,
				7A564DA71C964B3D00A4ABD6 /* Model */,
				7A564DA81C964B3D00A4ABD6 /* View */,
			);
			name = News;
			path = ../Show/News;
			sourceTree = "<group>";
		};
		7A564DA61C964B3D00A4ABD6 /* Controller */ = {
			isa = PBXGroup;
			children = (
			);
			path = Controller;
			sourceTree = "<group>";
		};
		7A564DA71C964B3D00A4ABD6 /* Model */ = {
			isa = PBXGroup;
			children = (
			);
			path = Model;
			sourceTree = "<group>";
		};
		7A564DA81C964B3D00A4ABD6 /* View */ = {
			isa = PBXGroup;
			children = (
			);
			path = View;
			sourceTree = "<group>";
		};
		7A564DA91C964B7900A4ABD6 /* Message */ = {
			isa = PBXGroup;
			children = (
				7A564DAA1C964B7900A4ABD6 /* Controller */,
				7A564DAB1C964B7900A4ABD6 /* Model */,
				7A564DAC1C964B7900A4ABD6 /* View */,
			);
			name = Message;
			path = ../Message;
			sourceTree = "<group>";
		};
		7A564DAA1C964B7900A4ABD6 /* Controller */ = {
			isa = PBXGroup;
			children = (
			);
			path = Controller;
			sourceTree = "<group>";
		};
		7A564DAB1C964B7900A4ABD6 /* Model */ = {
			isa = PBXGroup;
			children = (
			);
			path = Model;
			sourceTree = "<group>";
		};
		7A564DAC1C964B7900A4ABD6 /* View */ = {
			isa = PBXGroup;
			children = (
			);
			path = View;
			sourceTree = "<group>";
		};
		7A564DAD1C964BCB00A4ABD6 /* Service */ = {
			isa = PBXGroup;
			children = (
				7A564DAE1C964BCB00A4ABD6 /* Controller */,
				7A564DAF1C964BCB00A4ABD6 /* Model */,
				7A564DB01C964BCB00A4ABD6 /* View */,
			);
			name = Service;
			path = ../Service;
			sourceTree = "<group>";
		};
		7A564DAE1C964BCB00A4ABD6 /* Controller */ = {
			isa = PBXGroup;
			children = (
			);
			path = Controller;
			sourceTree = "<group>";
		};
		7A564DAF1C964BCB00A4ABD6 /* Model */ = {
			isa = PBXGroup;
			children = (
			);
			path = Model;
			sourceTree = "<group>";
		};
		7A564DB01C964BCB00A4ABD6 /* View */ = {
			isa = PBXGroup;
			children = (
			);
			path = View;
			sourceTree = "<group>";
		};
		7A564DB11C964BD500A4ABD6 /* Class */ = {
			isa = PBXGroup;
			children = (
				7A564DB61C964C5C00A4ABD6 /* Resource */,
				7A564DB21C964C1400A4ABD6 /* Login */,
				7A564DA91C964B7900A4ABD6 /* Message */,
				7A564DAD1C964BCB00A4ABD6 /* Service */,
				7A564DA51C964B3D00A4ABD6 /* News */,
				7A564DA11C964B0800A4ABD6 /* Show */,
			);
			path = Class;
			sourceTree = "<group>";
		};
		7A564DB21C964C1400A4ABD6 /* Login */ = {
			isa = PBXGroup;
			children = (
				7A564DB31C964C1400A4ABD6 /* Controller */,
				7A564DB41C964C1400A4ABD6 /* Model */,
				7A564DB51C964C1400A4ABD6 /* View */,
			);
			path = Login;
			sourceTree = "<group>";
		};
		7A564DB31C964C1400A4ABD6 /* Controller */ = {
			isa = PBXGroup;
			children = (
			);
			path = Controller;
			sourceTree = "<group>";
		};
		7A564DB41C964C1400A4ABD6 /* Model */ = {
			isa = PBXGroup;
			children = (
			);
			path = Model;
			sourceTree = "<group>";
		};
		7A564DB51C964C1400A4ABD6 /* View */ = {
			isa = PBXGroup;
			children = (
			);
			path = View;
			sourceTree = "<group>";
		};
		7A564DB61C964C5C00A4ABD6 /* Resource */ = {
			isa = PBXGroup;
			children = (
				7A564DBE1C964D5200A4ABD6 /* ProgressHUD */,
				7A564DBB1C964D4400A4ABD6 /* HWTools.h */,
				7A564DBC1C964D4400A4ABD6 /* HWTools.m */,
				7A564DB71C964D1E00A4ABD6 /* MySelf.pch */,
				7A564DB81C964D1E00A4ABD6 /* UIViewController+Common.h */,
				7A564DB91C964D1E00A4ABD6 /* UIViewController+Common.m */,
			);
			path = Resource;
			sourceTree = "<group>";
		};
		7A564DBE1C964D5200A4ABD6 /* ProgressHUD */ = {
			isa = PBXGroup;
			children = (
				7A564DBF1C964D5200A4ABD6 /* ProgressHUD.bundle */,
				7A564DC01C964D5200A4ABD6 /* ProgressHUD.h */,
				7A564DC11C964D5200A4ABD6 /* ProgressHUD.m */,
			);
			path = ProgressHUD;
			sourceTree = "<group>";
		};
/* End PBXGroup section */

/* Begin PBXNativeTarget section */
		7A564D8C1C96389900A4ABD6 /* Luoyang */ = {
			isa = PBXNativeTarget;
			buildConfigurationList = 7A564D9E1C96389A00A4ABD6 /* Build configuration list for PBXNativeTarget "Luoyang" */;
			buildPhases = (
				AD967681E63BC46995D7DE11 /* Check Pods Manifest.lock */,
				7A564D891C96389900A4ABD6 /* Sources */,
				7A564D8A1C96389900A4ABD6 /* Frameworks */,
				7A564D8B1C96389900A4ABD6 /* Resources */,
				DAE9E547ECD357486F49D31E /* Embed Pods Frameworks */,
				E73192BE783BA3EA742679C6 /* Copy Pods Resources */,
			);
			buildRules = (
			);
			dependencies = (
			);
			name = Luoyang;
			productName = Luoyang;
			productReference = 7A564D8D1C96389A00A4ABD6 /* Luoyang.app */;
			productType = "com.apple.product-type.application";
		};
/* End PBXNativeTarget section */

/* Begin PBXProject section */
		7A564D851C96389900A4ABD6 /* Project object */ = {
			isa = PBXProject;
			attributes = {
				LastUpgradeCheck = 0720;
				ORGANIZATIONNAME = "张鹏飞";
				TargetAttributes = {
					7A564D8C1C96389900A4ABD6 = {
						CreatedOnToolsVersion = 7.2;
					};
				};
			};
			buildConfigurationList = 7A564D881C96389900A4ABD6 /* Build configuration list for PBXProject "Luoyang" */;
			compatibilityVersion = "Xcode 3.2";
			developmentRegion = English;
			hasScannedForEncodings = 0;
			knownRegions = (
				en,
				Base,
			);
			mainGroup = 7A564D841C96389900A4ABD6;
			productRefGroup = 7A564D8E1C96389A00A4ABD6 /* Products */;
			projectDirPath = "";
			projectRoot = "";
			targets = (
				7A564D8C1C96389900A4ABD6 /* Luoyang */,
			);
		};
/* End PBXProject section */

/* Begin PBXResourcesBuildPhase section */
		7A564D8B1C96389900A4ABD6 /* Resources */ = {
			isa = PBXResourcesBuildPhase;
			buildActionMask = 2147483647;
			files = (
				7A564D971C96389A00A4ABD6 /* Assets.xcassets in Resources */,
				7A564D9A1C96389A00A4ABD6 /* LaunchScreen.storyboard in Resources */,
				7A564DC21C964D5200A4ABD6 /* ProgressHUD.bundle in Resources */,
			);
			runOnlyForDeploymentPostprocessing = 0;
		};
/* End PBXResourcesBuildPhase section */

/* Begin PBXShellScriptBuildPhase section */
		AD967681E63BC46995D7DE11 /* Check Pods Manifest.lock */ = {
			isa = PBXShellScriptBuildPhase;
			buildActionMask = 2147483647;
			files = (
			);
			inputPaths = (
			);
			name = "Check Pods Manifest.lock";
			outputPaths = (
			);
			runOnlyForDeploymentPostprocessing = 0;
			shellPath = /bin/sh;
			shellScript = "diff \"${PODS_ROOT}/../Podfile.lock\" \"${PODS_ROOT}/Manifest.lock\" > /dev/null\nif [[ $? != 0 ]] ; then\n    cat << EOM\nerror: The sandbox is not in sync with the Podfile.lock. Run 'pod install' or update your CocoaPods installation.\nEOM\n    exit 1\nfi\n";
			showEnvVarsInLog = 0;
		};
		DAE9E547ECD357486F49D31E /* Embed Pods Frameworks */ = {
			isa = PBXShellScriptBuildPhase;
			buildActionMask = 2147483647;
			files = (
			);
			inputPaths = (
			);
			name = "Embed Pods Frameworks";
			outputPaths = (
			);
			runOnlyForDeploymentPostprocessing = 0;
			shellPath = /bin/sh;
			shellScript = "\"${SRCROOT}/Pods/Target Support Files/Pods/Pods-frameworks.sh\"\n";
			showEnvVarsInLog = 0;
		};
		E73192BE783BA3EA742679C6 /* Copy Pods Resources */ = {
			isa = PBXShellScriptBuildPhase;
			buildActionMask = 2147483647;
			files = (
			);
			inputPaths = (
			);
			name = "Copy Pods Resources";
			outputPaths = (
			);
			runOnlyForDeploymentPostprocessing = 0;
			shellPath = /bin/sh;
			shellScript = "\"${SRCROOT}/Pods/Target Support Files/Pods/Pods-resources.sh\"\n";
			showEnvVarsInLog = 0;
		};
/* End PBXShellScriptBuildPhase section */

/* Begin PBXSourcesBuildPhase section */
		7A564D891C96389900A4ABD6 /* Sources */ = {
			isa = PBXSourcesBuildPhase;
			buildActionMask = 2147483647;
			files = (
				7A564DBD1C964D4400A4ABD6 /* HWTools.m in Sources */,
				7A564D951C96389A00A4ABD6 /* AppDelegate.m in Sources */,
				7A564DC31C964D5200A4ABD6 /* ProgressHUD.m in Sources */,
				7A564DBA1C964D1E00A4ABD6 /* UIViewController+Common.m in Sources */,
				7A564D921C96389A00A4ABD6 /* main.m in Sources */,
			);
			runOnlyForDeploymentPostprocessing = 0;
		};
/* End PBXSourcesBuildPhase section */

/* Begin PBXVariantGroup section */
		7A564D981C96389A00A4ABD6 /* LaunchScreen.storyboard */ = {
			isa = PBXVariantGroup;
			children = (
				7A564D991C96389A00A4ABD6 /* Base */,
			);
			name = LaunchScreen.storyboard;
			sourceTree = "<group>";
		};
/* End PBXVariantGroup section */

/* Begin XCBuildConfiguration section */
		7A564D9C1C96389A00A4ABD6 /* Debug */ = {
			isa = XCBuildConfiguration;
			buildSettings = {
				ALWAYS_SEARCH_USER_PATHS = NO;
				CLANG_CXX_LANGUAGE_STANDARD = "gnu++0x";
				CLANG_CXX_LIBRARY = "libc++";
				CLANG_ENABLE_MODULES = YES;
				CLANG_ENABLE_OBJC_ARC = YES;
				CLANG_WARN_BOOL_CONVERSION = YES;
				CLANG_WARN_CONSTANT_CONVERSION = YES;
				CLANG_WARN_DIRECT_OBJC_ISA_USAGE = YES_ERROR;
				CLANG_WARN_EMPTY_BODY = YES;
				CLANG_WARN_ENUM_CONVERSION = YES;
				CLANG_WARN_INT_CONVERSION = YES;
				CLANG_WARN_OBJC_ROOT_CLASS = YES_ERROR;
				CLANG_WARN_UNREACHABLE_CODE = YES;
				CLANG_WARN__DUPLICATE_METHOD_MATCH = YES;
				"CODE_SIGN_IDENTITY[sdk=iphoneos*]" = "iPhone Developer";
				COPY_PHASE_STRIP = NO;
				DEBUG_INFORMATION_FORMAT = dwarf;
				ENABLE_STRICT_OBJC_MSGSEND = YES;
				ENABLE_TESTABILITY = YES;
				GCC_C_LANGUAGE_STANDARD = gnu99;
				GCC_DYNAMIC_NO_PIC = NO;
				GCC_NO_COMMON_BLOCKS = YES;
				GCC_OPTIMIZATION_LEVEL = 0;
				GCC_PREPROCESSOR_DEFINITIONS = (
					"DEBUG=1",
					"$(inherited)",
				);
				GCC_WARN_64_TO_32_BIT_CONVERSION = YES;
				GCC_WARN_ABOUT_RETURN_TYPE = YES_ERROR;
				GCC_WARN_UNDECLARED_SELECTOR = YES;
				GCC_WARN_UNINITIALIZED_AUTOS = YES_AGGRESSIVE;
				GCC_WARN_UNUSED_FUNCTION = YES;
				GCC_WARN_UNUSED_VARIABLE = YES;
				IPHONEOS_DEPLOYMENT_TARGET = 9.2;
				MTL_ENABLE_DEBUG_INFO = YES;
				ONLY_ACTIVE_ARCH = YES;
				SDKROOT = iphoneos;
			};
			name = Debug;
		};
		7A564D9D1C96389A00A4ABD6 /* Release */ = {
			isa = XCBuildConfiguration;
			buildSettings = {
				ALWAYS_SEARCH_USER_PATHS = NO;
				CLANG_CXX_LANGUAGE_STANDARD = "gnu++0x";
				CLANG_CXX_LIBRARY = "libc++";
				CLANG_ENABLE_MODULES = YES;
				CLANG_ENABLE_OBJC_ARC = YES;
				CLANG_WARN_BOOL_CONVERSION = YES;
				CLANG_WARN_CONSTANT_CONVERSION = YES;
				CLANG_WARN_DIRECT_OBJC_ISA_USAGE = YES_ERROR;
				CLANG_WARN_EMPTY_BODY = YES;
				CLANG_WARN_ENUM_CONVERSION = YES;
				CLANG_WARN_INT_CONVERSION = YES;
				CLANG_WARN_OBJC_ROOT_CLASS = YES_ERROR;
				CLANG_WARN_UNREACHABLE_CODE = YES;
				CLANG_WARN__DUPLICATE_METHOD_MATCH = YES;
				"CODE_SIGN_IDENTITY[sdk=iphoneos*]" = "iPhone Developer";
				COPY_PHASE_STRIP = NO;
				DEBUG_INFORMATION_FORMAT = "dwarf-with-dsym";
				ENABLE_NS_ASSERTIONS = NO;
				ENABLE_STRICT_OBJC_MSGSEND = YES;
				GCC_C_LANGUAGE_STANDARD = gnu99;
				GCC_NO_COMMON_BLOCKS = YES;
				GCC_WARN_64_TO_32_BIT_CONVERSION = YES;
				GCC_WARN_ABOUT_RETURN_TYPE = YES_ERROR;
				GCC_WARN_UNDECLARED_SELECTOR = YES;
				GCC_WARN_UNINITIALIZED_AUTOS = YES_AGGRESSIVE;
				GCC_WARN_UNUSED_FUNCTION = YES;
				GCC_WARN_UNUSED_VARIABLE = YES;
				IPHONEOS_DEPLOYMENT_TARGET = 9.2;
				MTL_ENABLE_DEBUG_INFO = NO;
				SDKROOT = iphoneos;
				VALIDATE_PRODUCT = YES;
			};
			name = Release;
		};
		7A564D9F1C96389A00A4ABD6 /* Debug */ = {
			isa = XCBuildConfiguration;
			baseConfigurationReference = C0A59FD907FA002FF1C0C1E1 /* Pods.debug.xcconfig */;
			buildSettings = {
				ASSETCATALOG_COMPILER_APPICON_NAME = AppIcon;
				GCC_PRECOMPILE_PREFIX_HEADER = NO;
				GCC_PREFIX_HEADER = "$(SRCROOT)/Luoyang/Class/Resource/MySelf.pch";
				INFOPLIST_FILE = Luoyang/Info.plist;
				LD_RUNPATH_SEARCH_PATHS = "$(inherited) @executable_path/Frameworks";
				PRODUCT_BUNDLE_IDENTIFIER = com.zhang.Luoyang;
				PRODUCT_NAME = "$(TARGET_NAME)";
			};
			name = Debug;
		};
		7A564DA01C96389A00A4ABD6 /* Release */ = {
			isa = XCBuildConfiguration;
			baseConfigurationReference = 5FADDA6DE4048A4A6E7B095E /* Pods.release.xcconfig */;
			buildSettings = {
				ASSETCATALOG_COMPILER_APPICON_NAME = AppIcon;
				GCC_PRECOMPILE_PREFIX_HEADER = NO;
				GCC_PREFIX_HEADER = "$(SRCROOT)/Luoyang/Class/Resource/MySelf.pch";
				INFOPLIST_FILE = Luoyang/Info.plist;
				LD_RUNPATH_SEARCH_PATHS = "$(inherited) @executable_path/Frameworks";
				PRODUCT_BUNDLE_IDENTIFIER = com.zhang.Luoyang;
				PRODUCT_NAME = "$(TARGET_NAME)";
			};
			name = Release;
		};
/* End XCBuildConfiguration section */

/* Begin XCConfigurationList section */
		7A564D881C96389900A4ABD6 /* Build configuration list for PBXProject "Luoyang" */ = {
			isa = XCConfigurationList;
			buildConfigurations = (
				7A564D9C1C96389A00A4ABD6 /* Debug */,
				7A564D9D1C96389A00A4ABD6 /* Release */,
			);
			defaultConfigurationIsVisible = 0;
			defaultConfigurationName = Release;
		};
		7A564D9E1C96389A00A4ABD6 /* Build configuration list for PBXNativeTarget "Luoyang" */ = {
			isa = XCConfigurationList;
			buildConfigurations = (
				7A564D9F1C96389A00A4ABD6 /* Debug */,
				7A564DA01C96389A00A4ABD6 /* Release */,
			);
			defaultConfigurationIsVisible = 0;
			defaultConfigurationName = Release;
		};
/* End XCConfigurationList section */
	};
	rootObject = 7A564D851C96389900A4ABD6 /* Project object */;
}
